
Microsoft Visual Studio Solution File, Format Version 12.00
# Visual Studio Version 17
VisualStudioVersion = 17.0.32014.148
MinimumVisualStudioVersion = 10.0.40219.1
Project("{8BC9CEB8-8B4A-11D0-8D11-00A0C91BC942}") = "ConsoleApplication1", "ConsoleApplication1\ConsoleApplication1.vcxproj", "{B832EFD5-68C5-47FD-98F0-64DB1A143618}"
EndProject
Project("{8BC9CEB8-8B4A-11D0-8D11-00A0C91BC942}") = "ConsoleApplication2", "ConsoleApplication2\ConsoleApplication2.vcxproj", "{9446535B-0A95-471C-AE53-63AE291DE9E7}"
EndProject
Global
	GlobalSection(SolutionConfigurationPlatforms) = preSolution
		Debug|x64 = Debug|x64
		Debug|x86 = Debug|x86
		Release|x64 = Release|x64
		Release|x86 = Release|x86
	EndGlobalSection
	GlobalSection(ProjectConfigurationPlatforms) = postSolution
		{B832EFD5-68C5-47FD-98F0-64DB1A143618}.Debug|x64.ActiveCfg = Debug|x64
		{B832EFD5-68C5-47FD-98F0-64DB1A143618}.Debug|x64.Build.0 = Debug|x64
		{B832EFD5-68C5-47FD-98F0-64DB1A143618}.Debug|x86.ActiveCfg = Debug|Win32
		{B832EFD5-68C5-47FD-98F0-64DB1A143618}.Debug|x86.Build.0 = Debug|Win32
		{B832EFD5-68C5-47FD-98F0-64DB1A143618}.Release|x64.ActiveCfg = Release|x64
		{B832EFD5-68C5-47FD-98F0-64DB1A143618}.Release|x64.Build.0 = Release|x64
		{B832EFD5-68C5-47FD-98F0-64DB1A143618}.Release|x86.ActiveCfg = Release|Win32
		{B832EFD5-68C5-47FD-98F0-64DB1A143618}.Release|x86.Build.0 = Release|Win32
		{9446535B-0A95-471C-AE53-63AE291DE9E7}.Debug|x64.ActiveCfg = Debug|x64
		{9446535B-0A95-471C-AE53-63AE291DE9E7}.Debug|x64.Build.0 = Debug|x64
		{9446535B-0A95-471C-AE53-63AE291DE9E7}.Debug|x86.ActiveCfg = Debug|Win32
		{9446535B-0A95-471C-AE53-63AE291DE9E7}.Debug|x86.Build.0 = Debug|Win32
		{9446535B-0A95-471C-AE53-63AE291DE9E7}.Release|x64.ActiveCfg = Release|x64
		{9446535B-0A95-471C-AE53-63AE291DE9E7}.Release|x64.Build.0 = Release|x64
		{9446535B-0A95-471C-AE53-63AE291DE9E7}.Release|x86.ActiveCfg = Release|Win32
		{9446535B-0A95-471C-AE53-63AE291DE9E7}.Release|x86.Build.0 = Release|Win32
	EndGlobalSection
	GlobalSection(SolutionProperties) = preSolution
		HideSolutionNode = FALSE
	EndGlobalSection
	GlobalSection(ExtensibilityGlobals) = postSolution
		SolutionGuid = {B8BEA792-DC05-4FC5-95FA-FFF663351A7D}
	EndGlobalSection
EndGlobal
